
Microsoft Visual Studio Solution File, Format Version 12.00
# Visual Studio Version 16
VisualStudioVersion = 16.0.31702.278
MinimumVisualStudioVersion = 10.0.40219.1
Project("{FAE04EC0-301F-11D3-BF4B-00C04F79EFBC}") = "DBTeamUI", "DBTeamUI.csproj", "{3D37800C-32C5-45F2-BBDD-747800FB73D6}"
EndProject
Global
	GlobalSection(SolutionConfigurationPlatforms) = preSolution
		Debug|Any CPU = Debug|Any CPU
		Release|Any CPU = Release|Any CPU
	EndGlobalSection
	GlobalSection(ProjectConfigurationPlatforms) = postSolution
		{3D37800C-32C5-45F2-BBDD-747800FB73D6}.Debug|Any CPU.ActiveCfg = Debug|Any CPU
		{3D37800C-32C5-45F2-BBDD-747800FB73D6}.Debug|Any CPU.Build.0 = Debug|Any CPU
		{3D37800C-32C5-45F2-BBDD-747800FB73D6}.Release|Any CPU.ActiveCfg = Release|Any CPU
		{3D37800C-32C5-45F2-BBDD-747800FB73D6}.Release|Any CPU.Build.0 = Release|Any CPU
	EndGlobalSection
	GlobalSection(SolutionProperties) = preSolution
		HideSolutionNode = FALSE
	EndGlobalSection
	GlobalSection(ExtensibilityGlobals) = postSolution
		SolutionGuid = {1573C39B-8D94-460B-BFEA-30F4DDC42058}
	EndGlobalSection
EndGlobal
